
Microsoft Visual Studio Solution File, Format Version 12.00
# Visual Studio Version 17
VisualStudioVersion = 17.8.34309.116
MinimumVisualStudioVersion = 10.0.40219.1
Project("{FAE04EC0-301F-11D3-BF4B-00C04F79EFBC}") = "ESOLauncher", "ESOLauncher\ESOLauncher.csproj", "{28D5670A-F259-45CE-9DCD-8FD6CCAD9703}"
EndProject
Global
	GlobalSection(SolutionConfigurationPlatforms) = preSolution
		Debug|Any CPU = Debug|Any CPU
		Release|Any CPU = Release|Any CPU
	EndGlobalSection
	GlobalSection(ProjectConfigurationPlatforms) = postSolution
		{28D5670A-F259-45CE-9DCD-8FD6CCAD9703}.Debug|Any CPU.ActiveCfg = Debug|Any CPU
		{28D5670A-F259-45CE-9DCD-8FD6CCAD9703}.Debug|Any CPU.Build.0 = Debug|Any CPU
		{28D5670A-F259-45CE-9DCD-8FD6CCAD9703}.Debug|Any CPU.Deploy.0 = Debug|Any CPU
		{28D5670A-F259-45CE-9DCD-8FD6CCAD9703}.Release|Any CPU.ActiveCfg = Release|Any CPU
		{28D5670A-F259-45CE-9DCD-8FD6CCAD9703}.Release|Any CPU.Build.0 = Release|Any CPU
		{28D5670A-F259-45CE-9DCD-8FD6CCAD9703}.Release|Any CPU.Deploy.0 = Release|Any CPU
	EndGlobalSection
	GlobalSection(SolutionProperties) = preSolution
		HideSolutionNode = FALSE
	EndGlobalSection
	GlobalSection(ExtensibilityGlobals) = postSolution
		SolutionGuid = {9D22DC4E-0537-4BBD-9770-2D45321E6E7B}
	EndGlobalSection
EndGlobal
